
Microsoft Visual Studio Solution File, Format Version 12.00
# Visual Studio Version 17
VisualStudioVersion = 17.1.32414.318
MinimumVisualStudioVersion = 10.0.40219.1
Project("{9A19103F-16F7-4668-BE54-9A1E7A4F7556}") = "OrderService", "OrderService.csproj", "{835BAA51-F219-48B3-8433-F8573139A33A}"
EndProject
Global
	GlobalSection(SolutionConfigurationPlatforms) = preSolution
		Debug|Any CPU = Debug|Any CPU
		Release|Any CPU = Release|Any CPU
	EndGlobalSection
	GlobalSection(ProjectConfigurationPlatforms) = postSolution
		{835BAA51-F219-48B3-8433-F8573139A33A}.Debug|Any CPU.ActiveCfg = Debug|Any CPU
		{835BAA51-F219-48B3-8433-F8573139A33A}.Debug|Any CPU.Build.0 = Debug|Any CPU
		{835BAA51-F219-48B3-8433-F8573139A33A}.Release|Any CPU.ActiveCfg = Release|Any CPU
		{835BAA51-F219-48B3-8433-F8573139A33A}.Release|Any CPU.Build.0 = Release|Any CPU
	EndGlobalSection
	GlobalSection(SolutionProperties) = preSolution
		HideSolutionNode = FALSE
	EndGlobalSection
	GlobalSection(ExtensibilityGlobals) = postSolution
		SolutionGuid = {24A7F610-A53B-4602-9C80-FC0B4859CA36}
	EndGlobalSection
EndGlobal
